{
  "version": 4,
  "terraform_version": "1.15.4",
  "serial": 45,
  "lineage": "bd2c4259-a7f3-5336-7b5f-98267b5116b7",
  "outputs": {
    "vm_external_ip": {
      "value": [
        "158.160.199.185"
      ],
      "type": [
        "tuple",
        [
          "string"
        ]
      ]
    },
    "vm_id": {
      "value": [
        "fv4s8m03fm9bdb265o09"
      ],
      "type": [
        "tuple",
        [
          "string"
        ]
      ]
    },
    "vm_name": {
      "value": [
        "stage-app-0"
      ],
      "type": [
        "tuple",
        [
          "string"
        ]
      ]
    }
  },
  "resources": [
    {
      "mode": "data",
      "type": "yandex_compute_image",
      "name": "ubuntu",
      "provider": "provider[\"registry.terraform.io/yandex-cloud/yandex\"]",
      "instances": [
        {
          "schema_version": 0,
          "attributes": {
            "created_at": "2026-05-25T18:29:07Z",
            "description": "Ubuntu 20.04 lts v20260515010643",
            "family": "ubuntu-2004-lts",
            "folder_id": "standard-images",
            "hardware_generation": [
              {
                "generation2_features": [],
                "legacy_features": [
                  {
                    "pci_topology": "PCI_TOPOLOGY_V2"
                  }
                ]
              }
            ],
            "id": "fd82mpu302omjlftrpsn",
            "image_id": "fd82mpu302omjlftrpsn",
            "kms_key_id": null,
            "labels": {
              "version": "20260515010643",
              "x-hopper-operation-id": "d9pf6ql7314fept65qk3",
              "x-hopper-source-image-id": "fd8lc68flv2364hdqsst"
            },
            "min_disk_size": 5,
            "name": "ubuntu-20-04-lts-v20260525",
            "os_type": "linux",
            "pooled": true,
            "product_ids": [
              "f2ek6ts5nsvq32pce1nj"
            ],
            "size": 2,
            "status": "ready"
          },
          "sensitive_attributes": [],
          "identity_schema_version": 0
        }
      ]
    },
    {
      "mode": "managed",
      "type": "yandex_compute_instance",
      "name": "app-vm",
      "provider": "provider[\"registry.terraform.io/yandex-cloud/yandex\"]",
      "instances": [
        {
          "index_key": 0,
          "schema_version": 1,
          "attributes": {
            "allow_recreate": null,
            "allow_stopping_for_update": null,
            "boot_disk": [
              {
                "auto_delete": true,
                "device_name": "fv4s7tvpjl06sqmki7kt",
                "disk_id": "fv4s7tvpjl06sqmki7kt",
                "initialize_params": [
                  {
                    "block_size": 4096,
                    "description": "",
                    "image_id": "fd82mpu302omjlftrpsn",
                    "kms_key_id": "",
                    "name": "",
                    "size": 10,
                    "snapshot_id": "",
                    "type": "network-ssd"
                  }
                ],
                "mode": "READ_WRITE"
              }
            ],
            "created_at": "2026-05-29T02:46:21Z",
            "description": "",
            "filesystem": [],
            "folder_id": "b1go6bu7fgndh1mvb8gp",
            "fqdn": "fv4s8m03fm9bdb265o09.auto.internal",
            "gpu_cluster_id": "",
            "hardware_generation": [
              {
                "generation2_features": [],
                "legacy_features": [
                  {
                    "pci_topology": "PCI_TOPOLOGY_V2"
                  }
                ]
              }
            ],
            "hostname": "",
            "id": "fv4s8m03fm9bdb265o09",
            "labels": null,
            "local_disk": [],
            "maintenance_grace_period": "",
            "maintenance_policy": null,
            "metadata": {
              "ssh-keys": "ubuntu:ssh-rsa AAAAB3NzaC1yc2EAAAADAQABAAACAQC7gXwfYmU8Ayvx0SjG2Pn8tHy3Hn22rxZK8eFWx3Btq5scqTABn02kDCz1x4UfpUHD4JceshMj/asACh4cxVVy6E3c+gsI8EmiEMGvxmAP3w3NDMxv1R5b2HofRGBTegSrV8+AWmYQxTW9QnQJQb3euxZ1f8qz/fPB6lxJK7fHosGW4yATRIiflJIVqMyRsAsOME35VfITc2BbUffdQ09c6aTCybb2BBBUBd49uaAvtfXcpltEzVTfdM0LXAFOhoYcRmnCXTaIk7ZPK42Q8klXnEfRIGdBpjeGXKOnpv/qE+x/d2Aun+MmHWN/TQQ2hzLoR6vj7/hJIYz9SjLzq6JhOHBjdve9E/ciALf2jh5eHlLymV+vanMWVHu4X8J4UvkDw28XueFZ3mqVq4JJafHrf8BfcXwo5diblpAaLGO9Xeindq/UJ0px8jubps2Una7Hna6XrcTF78zwpf+N1jITZRlcxGQlJ4qsj2bPM5eoyvxpAvls8KAtu2y56s5DCmHwKj8cihCiMNiywh244MTa/g1iJ9pPJbMc4zMVAF2RF5rWejUq3HhYQZFna6d3Pn+L/q0i37avGdW5BMP+1oeeZH94GIExI3n9lMPTktHO3f2IQxvXBUgtTKcJpm1PrgUStld3taHKk91SmGZe93+/sgFJEPOixSYVH/QszQ298w== alex@DESKTOP-4AM6TA7\r\n"
            },
            "metadata_options": [
              {
                "aws_v1_http_endpoint": 1,
                "aws_v1_http_token": 2,
                "aws_v2_http_endpoint": 1,
                "aws_v2_http_token": 1,
                "gce_http_endpoint": 1,
                "gce_http_token": 1
              }
            ],
            "name": "stage-app-0",
            "network_acceleration_type": "standard",
            "network_interface": [
              {
                "dns_record": [],
                "index": 0,
                "ip_address": "192.168.10.13",
                "ipv4": true,
                "ipv6": false,
                "ipv6_address": "",
                "ipv6_dns_record": [],
                "mac_address": "d0:0d:1c:45:80:37",
                "nat": true,
                "nat_dns_record": [],
                "nat_ip_address": "158.160.199.185",
                "nat_ip_version": "IPV4",
                "security_group_ids": null,
                "subnet_id": "fl8lpv9tlv41vi72ajlr"
              }
            ],
            "placement_policy": [
              {
                "host_affinity_rules": [],
                "placement_group_id": "",
                "placement_group_partition": 0
              }
            ],
            "platform_id": "standard-v2",
            "resources": [
              {
                "core_fraction": 100,
                "cores": 4,
                "gpus": 0,
                "memory": 8
              }
            ],
            "scheduling_policy": [
              {
                "preemptible": false
              }
            ],
            "secondary_disk": [],
            "service_account_id": "",
            "status": "running",
            "timeouts": null,
            "zone": "ru-central1-d"
          },
          "sensitive_attributes": [],
          "identity_schema_version": 0,
          "private": "eyJlMmJmYjczMC1lY2FhLTExZTYtOGY4OC0zNDM2M2JjN2M0YzAiOnsiY3JlYXRlIjozMDAwMDAwMDAwMDAsImRlbGV0ZSI6MzAwMDAwMDAwMDAwLCJ1cGRhdGUiOjMwMDAwMDAwMDAwMH0sInNjaGVtYV92ZXJzaW9uIjoiMSJ9",
          "dependencies": [
            "data.yandex_compute_image.ubuntu",
            "yandex_vpc_network.network",
            "yandex_vpc_subnet.subnet"
          ]
        }
      ]
    },
    {
      "mode": "managed",
      "type": "yandex_vpc_network",
      "name": "network",
      "provider": "provider[\"registry.terraform.io/yandex-cloud/yandex\"]",
      "instances": [
        {
          "schema_version": 0,
          "attributes": {
            "created_at": "2026-05-29T02:46:17Z",
            "default_security_group_id": "enp2bq1bca4ddiupvukh",
            "description": "",
            "folder_id": "b1go6bu7fgndh1mvb8gp",
            "id": "enp1or9mlm4vo3gi8lh8",
            "labels": {},
            "name": "stage-net",
            "subnet_ids": [],
            "timeouts": null
          },
          "sensitive_attributes": [],
          "identity_schema_version": 0,
          "private": "eyJlMmJmYjczMC1lY2FhLTExZTYtOGY4OC0zNDM2M2JjN2M0YzAiOnsiY3JlYXRlIjo2MDAwMDAwMDAwMCwiZGVsZXRlIjo2MDAwMDAwMDAwMCwidXBkYXRlIjo2MDAwMDAwMDAwMH19"
        }
      ]
    },
    {
      "mode": "managed",
      "type": "yandex_vpc_subnet",
      "name": "subnet",
      "provider": "provider[\"registry.terraform.io/yandex-cloud/yandex\"]",
      "instances": [
        {
          "schema_version": 0,
          "attributes": {
            "created_at": "2026-05-29T02:46:19Z",
            "description": "",
            "dhcp_options": [],
            "folder_id": "b1go6bu7fgndh1mvb8gp",
            "id": "fl8lpv9tlv41vi72ajlr",
            "labels": {},
            "name": "stage-subnet",
            "network_id": "enp1or9mlm4vo3gi8lh8",
            "route_table_id": "",
            "timeouts": null,
            "v4_cidr_blocks": [
              "192.168.10.0/24"
            ],
            "v6_cidr_blocks": [],
            "zone": "ru-central1-d"
          },
          "sensitive_attributes": [],
          "identity_schema_version": 0,
          "private": "eyJlMmJmYjczMC1lY2FhLTExZTYtOGY4OC0zNDM2M2JjN2M0YzAiOnsiY3JlYXRlIjoxODAwMDAwMDAwMDAsImRlbGV0ZSI6MTgwMDAwMDAwMDAwLCJ1cGRhdGUiOjE4MDAwMDAwMDAwMH19",
          "dependencies": [
            "yandex_vpc_network.network"
          ]
        }
      ]
    }
  ],
  "check_results": null
}
